dependencies:
- name: spring-boot-example-app
  repository: http://localhost:8080
  version: 0.0.4
- name: spring-boot-example-app
  repository: http://localhost:8080
  version: 0.0.4
digest: sha256:16bd3c54303ac06e55f0cf02f54d52285f7f1083a2a04ef3e0111b42803f417d
generated: "2022-02-08T14:26:16.904814427+01:00"
